// !$*UTF8*$!
{
	archiveVersion = 1;
	classes = {
	};
	objectVersion = 50;
	objects = {

/* Begin PBXBuildFile section */
		0440E30F22DCCDAD00839169 /* AppDelegate.swift in Sources */ = {isa = PBXBuildFile; fileRef = 0440E30E22DCCDAD00839169 /* AppDelegate.swift */; };
		0440E31122DCCDAD00839169 /* ViewController.swift in Sources */ = {isa = PBXBuildFile; fileRef = 0440E31022DCCDAD00839169 /* ViewController.swift */; };
		0440E31422DCCDAD00839169 /* Main.storyboard in Resources */ = {isa = PBXBuildFile; fileRef = 0440E31222DCCDAD00839169 /* Main.storyboard */; };
		0440E31622DCCDAE00839169 /* Assets.xcassets in Resources */ = {isa = PBXBuildFile; fileRef = 0440E31522DCCDAE00839169 /* Assets.xcassets */; };
		0440E31922DCCDAE00839169 /* LaunchScreen.storyboard in Resources */ = {isa = PBXBuildFile; fileRef = 0440E31722DCCDAE00839169 /* LaunchScreen.storyboard */; };
		0440E32422DCCF6700839169 /* FetchedPhoto.swift in Sources */ = {isa = PBXBuildFile; fileRef = 0440E32322DCCF6700839169 /* FetchedPhoto.swift */; };
		0440E32622DCCF7400839169 /* PhotosSearchResponse.swift in Sources */ = {isa = PBXBuildFile; fileRef = 0440E32522DCCF7400839169 /* PhotosSearchResponse.swift */; };
		0440E32822DCCFAE00839169 /* APIendpoints.swift in Sources */ = {isa = PBXBuildFile; fileRef = 0440E32722DCCFAE00839169 /* APIendpoints.swift */; };
		0440E32A22DD5A9F00839169 /* MapViewController.swift in Sources */ = {isa = PBXBuildFile; fileRef = 0440E32922DD5A9F00839169 /* MapViewController.swift */; };
		04C56FA122E18BD700F889AA /* PhotoAlbumViewController.swift in Sources */ = {isa = PBXBuildFile; fileRef = 04C56FA022E18BD700F889AA /* PhotoAlbumViewController.swift */; };
		04C56FA422E1A39000F889AA /* Virtual-Tourist.xcdatamodeld in Sources */ = {isa = PBXBuildFile; fileRef = 04C56FA222E1A39000F889AA /* Virtual-Tourist.xcdatamodeld */; };
		04C56FA622E2DC3B00F889AA /* DataController.swift in Sources */ = {isa = PBXBuildFile; fileRef = 04C56FA522E2DC3B00F889AA /* DataController.swift */; };
		04C56FA922E2F13000F889AA /* Pin+Extentions.swift in Sources */ = {isa = PBXBuildFile; fileRef = 04C56FA822E2F13000F889AA /* Pin+Extentions.swift */; };
		04C56FAD22E2F19F00F889AA /* Photo+Extention.swift in Sources */ = {isa = PBXBuildFile; fileRef = 04C56FAC22E2F19F00F889AA /* Photo+Extention.swift */; };
		04C56FAF22E5922E00F889AA /* APIconnection.swift in Sources */ = {isa = PBXBuildFile; fileRef = 04C56FAE22E5922E00F889AA /* APIconnection.swift */; };
		C34D42C922E802D400BC7126 /* MapKit.framework in Frameworks */ = {isa = PBXBuildFile; fileRef = C34D42C822E802D400BC7126 /* MapKit.framework */; };
/* End PBXBuildFile section */

/* Begin PBXFileReference section */
		0440E30B22DCCDAD00839169 /* Udacity-virtual-tourist.app */ = {isa = PBXFileReference; explicitFileType = wrapper.application; includeInIndex = 0; path = "Udacity-virtual-tourist.app"; sourceTree = BUILT_PRODUCTS_DIR; };
		0440E30E22DCCDAD00839169 /* AppDelegate.swift */ = {isa = PBXFileReference; lastKnownFileType = sourcecode.swift; path = AppDelegate.swift; sourceTree = "<group>"; };
		0440E31022DCCDAD00839169 /* ViewController.swift */ = {isa = PBXFileReference; lastKnownFileType = sourcecode.swift; path = ViewController.swift; sourceTree = "<group>"; };
		0440E31322DCCDAD00839169 /* Base */ = {isa = PBXFileReference; lastKnownFileType = file.storyboard; name = Base; path = Base.lproj/Main.storyboard; sourceTree = "<group>"; };
		0440E31522DCCDAE00839169 /* Assets.xcassets */ = {isa = PBXFileReference; lastKnownFileType = folder.assetcatalog; path = Assets.xcassets; sourceTree = "<group>"; };
		0440E31822DCCDAE00839169 /* Base */ = {isa = PBXFileReference; lastKnownFileType = file.storyboard; name = Base; path = Base.lproj/LaunchScreen.storyboard; sourceTree = "<group>"; };
		0440E31A22DCCDAE00839169 /* Info.plist */ = {isa = PBXFileReference; lastKnownFileType = text.plist.xml; path = Info.plist; sourceTree = "<group>"; };
		0440E32322DCCF6700839169 /* FetchedPhoto.swift */ = {isa = PBXFileReference; lastKnownFileType = sourcecode.swift; path = FetchedPhoto.swift; sourceTree = "<group>"; };
		0440E32522DCCF7400839169 /* PhotosSearchResponse.swift */ = {isa = PBXFileReference; lastKnownFileType = sourcecode.swift; path = PhotosSearchResponse.swift; sourceTree = "<group>"; };
		0440E32722DCCFAE00839169 /* APIendpoints.swift */ = {isa = PBXFileReference; lastKnownFileType = sourcecode.swift; path = APIendpoints.swift; sourceTree = "<group>"; };
		0440E32922DD5A9F00839169 /* MapViewController.swift */ = {isa = PBXFileReference; lastKnownFileType = sourcecode.swift; path = MapViewController.swift; sourceTree = "<group>"; };
		04C56FA022E18BD700F889AA /* PhotoAlbumViewController.swift */ = {isa = PBXFileReference; lastKnownFileType = sourcecode.swift; path = PhotoAlbumViewController.swift; sourceTree = "<group>"; };
		04C56FA322E1A39000F889AA /* Virtual-Tourist.xcdatamodel */ = {isa = PBXFileReference; lastKnownFileType = wrapper.xcdatamodel; path = "Virtual-Tourist.xcdatamodel"; sourceTree = "<group>"; };
		04C56FA522E2DC3B00F889AA /* DataController.swift */ = {isa = PBXFileReference; lastKnownFileType = sourcecode.swift; path = DataController.swift; sourceTree = "<group>"; };
		04C56FA822E2F13000F889AA /* Pin+Extentions.swift */ = {isa = PBXFileReference; lastKnownFileType = sourcecode.swift; path = "Pin+Extentions.swift"; sourceTree = "<group>"; };
		04C56FAC22E2F19F00F889AA /* Photo+Extention.swift */ = {isa = PBXFileReference; lastKnownFileType = sourcecode.swift; path = "Photo+Extention.swift"; sourceTree = "<group>"; };
		04C56FAE22E5922E00F889AA /* APIconnection.swift */ = {isa = PBXFileReference; lastKnownFileType = sourcecode.swift; path = APIconnection.swift; sourceTree = "<group>"; };
		C34D42C822E802D400BC7126 /* MapKit.framework */ = {isa = PBXFileReference; lastKnownFileType = wrapper.framework; name = MapKit.framework; path = System/Library/Frameworks/MapKit.framework; sourceTree = SDKROOT; };
/* End PBXFileReference section */

/* Begin PBXFrameworksBuildPhase section */
		0440E30822DCCDAD00839169 /* Frameworks */ = {
			isa = PBXFrameworksBuildPhase;
			buildActionMask = 2147483647;
			files = (
				C34D42C922E802D400BC7126 /* MapKit.framework in Frameworks */,
			);
			runOnlyForDeploymentPostprocessing = 0;
		};
/* End PBXFrameworksBuildPhase section */

/* Begin PBXGroup section */
		0440E30222DCCDAD00839169 = {
			isa = PBXGroup;
			children = (
				0440E30D22DCCDAD00839169 /* Udacity-virtual-tourist */,
				0440E30C22DCCDAD00839169 /* Products */,
				C34D42C722E802D400BC7126 /* Frameworks */,
			);
			sourceTree = "<group>";
		};
		0440E30C22DCCDAD00839169 /* Products */ = {
			isa = PBXGroup;
			children = (
				0440E30B22DCCDAD00839169 /* Udacity-virtual-tourist.app */,
			);
			name = Products;
			sourceTree = "<group>";
		};
		0440E30D22DCCDAD00839169 /* Udacity-virtual-tourist */ = {
			isa = PBXGroup;
			children = (
				0440E30E22DCCDAD00839169 /* AppDelegate.swift */,
				0440E32022DCCF4300839169 /* Model */,
				0440E31022DCCDAD00839169 /* ViewController.swift */,
				0440E32222DCCF5200839169 /* Controller */,
				0440E32122DCCF4800839169 /* View */,
				0440E31222DCCDAD00839169 /* Main.storyboard */,
				0440E31522DCCDAE00839169 /* Assets.xcassets */,
				0440E31722DCCDAE00839169 /* LaunchScreen.storyboard */,
				0440E31A22DCCDAE00839169 /* Info.plist */,
			);
			path = "Udacity-virtual-tourist";
			sourceTree = "<group>";
		};
		0440E32022DCCF4300839169 /* Model */ = {
			isa = PBXGroup;
			children = (
				04C56FA722E2F11E00F889AA /* Managed Object Extentions */,
				0440E32322DCCF6700839169 /* FetchedPhoto.swift */,
				0440E32522DCCF7400839169 /* PhotosSearchResponse.swift */,
				0440E32722DCCFAE00839169 /* APIendpoints.swift */,
				04C56FAE22E5922E00F889AA /* APIconnection.swift */,
				04C56FA222E1A39000F889AA /* Virtual-Tourist.xcdatamodeld */,
				04C56FA522E2DC3B00F889AA /* DataController.swift */,
			);
			path = Model;
			sourceTree = "<group>";
		};
		0440E32122DCCF4800839169 /* View */ = {
			isa = PBXGroup;
			children = (
				0440E32922DD5A9F00839169 /* MapViewController.swift */,
				04C56FA022E18BD700F889AA /* PhotoAlbumViewController.swift */,
			);
			path = View;
			sourceTree = "<group>";
		};
		0440E32222DCCF5200839169 /* Controller */ = {
			isa = PBXGroup;
			children = (
			);
			path = Controller;
			sourceTree = "<group>";
		};
		04C56FA722E2F11E00F889AA /* Managed Object Extentions */ = {
			isa = PBXGroup;
			children = (
				04C56FA822E2F13000F889AA /* Pin+Extentions.swift */,
				04C56FAC22E2F19F00F889AA /* Photo+Extention.swift */,
			);
			path = "Managed Object Extentions";
			sourceTree = "<group>";
		};
		C34D42C722E802D400BC7126 /* Frameworks */ = {
			isa = PBXGroup;
			children = (
				C34D42C822E802D400BC7126 /* MapKit.framework */,
			);
			name = Frameworks;
			sourceTree = "<group>";
		};
/* End PBXGroup section */

/* Begin PBXNativeTarget section */
		0440E30A22DCCDAD00839169 /* Udacity-virtual-tourist */ = {
			isa = PBXNativeTarget;
			buildConfigurationList = 0440E31D22DCCDAE00839169 /* Build configuration list for PBXNativeTarget "Udacity-virtual-tourist" */;
			buildPhases = (
				0440E30722DCCDAD00839169 /* Sources */,
				0440E30822DCCDAD00839169 /* Frameworks */,
				0440E30922DCCDAD00839169 /* Resources */,
			);
			buildRules = (
			);
			dependencies = (
			);
			name = "Udacity-virtual-tourist";
			productName = "Udacity-virtual-tourist";
			productReference = 0440E30B22DCCDAD00839169 /* Udacity-virtual-tourist.app */;
			productType = "com.apple.product-type.application";
		};
/* End PBXNativeTarget section */

/* Begin PBXProject section */
		0440E30322DCCDAD00839169 /* Project object */ = {
			isa = PBXProject;
			attributes = {
				LastSwiftUpdateCheck = 1020;
				LastUpgradeCheck = 1020;
				ORGANIZATIONNAME = Lukasz;
				TargetAttributes = {
					0440E30A22DCCDAD00839169 = {
						CreatedOnToolsVersion = 10.2.1;
						SystemCapabilities = {
							com.apple.Maps.iOS = {
								enabled = 1;
							};
						};
					};
				};
			};
			buildConfigurationList = 0440E30622DCCDAD00839169 /* Build configuration list for PBXProject "Udacity-virtual-tourist" */;
			compatibilityVersion = "Xcode 9.3";
			developmentRegion = en;
			hasScannedForEncodings = 0;
			knownRegions = (
				en,
				Base,
			);
			mainGroup = 0440E30222DCCDAD00839169;
			productRefGroup = 0440E30C22DCCDAD00839169 /* Products */;
			projectDirPath = "";
			projectRoot = "";
			targets = (
				0440E30A22DCCDAD00839169 /* Udacity-virtual-tourist */,
			);
		};
/* End PBXProject section */

/* Begin PBXResourcesBuildPhase section */
		0440E30922DCCDAD00839169 /* Resources */ = {
			isa = PBXResourcesBuildPhase;
			buildActionMask = 2147483647;
			files = (
				0440E31922DCCDAE00839169 /* LaunchScreen.storyboard in Resources */,
				0440E31622DCCDAE00839169 /* Assets.xcassets in Resources */,
				0440E31422DCCDAD00839169 /* Main.storyboard in Resources */,
			);
			runOnlyForDeploymentPostprocessing = 0;
		};
/* End PBXResourcesBuildPhase section */

/* Begin PBXSourcesBuildPhase section */
		0440E30722DCCDAD00839169 /* Sources */ = {
			isa = PBXSourcesBuildPhase;
			buildActionMask = 2147483647;
			files = (
				0440E32422DCCF6700839169 /* FetchedPhoto.swift in Sources */,
				04C56FA122E18BD700F889AA /* PhotoAlbumViewController.swift in Sources */,
				04C56FA422E1A39000F889AA /* Virtual-Tourist.xcdatamodeld in Sources */,
				0440E32A22DD5A9F00839169 /* MapViewController.swift in Sources */,
				04C56FAF22E5922E00F889AA /* APIconnection.swift in Sources */,
				04C56FA622E2DC3B00F889AA /* DataController.swift in Sources */,
				0440E31122DCCDAD00839169 /* ViewController.swift in Sources */,
				04C56FA922E2F13000F889AA /* Pin+Extentions.swift in Sources */,
				04C56FAD22E2F19F00F889AA /* Photo+Extention.swift in Sources */,
				0440E32822DCCFAE00839169 /* APIendpoints.swift in Sources */,
				0440E30F22DCCDAD00839169 /* AppDelegate.swift in Sources */,
				0440E32622DCCF7400839169 /* PhotosSearchResponse.swift in Sources */,
			);
			runOnlyForDeploymentPostprocessing = 0;
		};
/* End PBXSourcesBuildPhase section */

/* Begin PBXVariantGroup section */
		0440E31222DCCDAD00839169 /* Main.storyboard */ = {
			isa = PBXVariantGroup;
			children = (
				0440E31322DCCDAD00839169 /* Base */,
			);
			name = Main.storyboard;
			sourceTree = "<group>";
		};
		0440E31722DCCDAE00839169 /* LaunchScreen.storyboard */ = {
			isa = PBXVariantGroup;
			children = (
				0440E31822DCCDAE00839169 /* Base */,
			);
			name = LaunchScreen.storyboard;
			sourceTree = "<group>";
		};
/* End PBXVariantGroup section */

/* Begin XCBuildConfiguration section */
		0440E31B22DCCDAE00839169 /* Debug */ = {
			isa = XCBuildConfiguration;
			buildSettings = {
				ALWAYS_SEARCH_USER_PATHS = NO;
				CLANG_ANALYZER_NONNULL = YES;
				CLANG_ANALYZER_NUMBER_OBJECT_CONVERSION = YES_AGGRESSIVE;
				CLANG_CXX_LANGUAGE_STANDARD = "gnu++14";
				CLANG_CXX_LIBRARY = "libc++";
				CLANG_ENABLE_MODULES = YES;
				CLANG_ENABLE_OBJC_ARC = YES;
				CLANG_ENABLE_OBJC_WEAK = YES;
				CLANG_WARN_BLOCK_CAPTURE_AUTORELEASING = YES;
				CLANG_WARN_BOOL_CONVERSION = YES;
				CLANG_WARN_COMMA = YES;
				CLANG_WARN_CONSTANT_CONVERSION = YES;
				CLANG_WARN_DEPRECATED_OBJC_IMPLEMENTATIONS = YES;
				CLANG_WARN_DIRECT_OBJC_ISA_USAGE = YES_ERROR;
				CLANG_WARN_DOCUMENTATION_COMMENTS = YES;
				CLANG_WARN_EMPTY_BODY = YES;
				CLANG_WARN_ENUM_CONVERSION = YES;
				CLANG_WARN_INFINITE_RECURSION = YES;
				CLANG_WARN_INT_CONVERSION = YES;
				CLANG_WARN_NON_LITERAL_NULL_CONVERSION = YES;
				CLANG_WARN_OBJC_IMPLICIT_RETAIN_SELF = YES;
				CLANG_WARN_OBJC_LITERAL_CONVERSION = YES;
				CLANG_WARN_OBJC_ROOT_CLASS = YES_ERROR;
				CLANG_WARN_RANGE_LOOP_ANALYSIS = YES;
				CLANG_WARN_STRICT_PROTOTYPES = YES;
				CLANG_WARN_SUSPICIOUS_MOVE = YES;
				CLANG_WARN_UNGUARDED_AVAILABILITY = YES_AGGRESSIVE;
				CLANG_WARN_UNREACHABLE_CODE = YES;
				CLANG_WARN__DUPLICATE_METHOD_MATCH = YES;
				CODE_SIGN_IDENTITY = "iPhone Developer";
				COPY_PHASE_STRIP = NO;
				DEBUG_INFORMATION_FORMAT = dwarf;
				ENABLE_STRICT_OBJC_MSGSEND = YES;
				ENABLE_TESTABILITY = YES;
				GCC_C_LANGUAGE_STANDARD = gnu11;
				GCC_DYNAMIC_NO_PIC = NO;
				GCC_NO_COMMON_BLOCKS = YES;
				GCC_OPTIMIZATION_LEVEL = 0;
				GCC_PREPROCESSOR_DEFINITIONS = (
					"DEBUG=1",
					"$(inherited)",
				);
				GCC_WARN_64_TO_32_BIT_CONVERSION = YES;
				GCC_WARN_ABOUT_RETURN_TYPE = YES_ERROR;
				GCC_WARN_UNDECLARED_SELECTOR = YES;
				GCC_WARN_UNINITIALIZED_AUTOS = YES_AGGRESSIVE;
				GCC_WARN_UNUSED_FUNCTION = YES;
				GCC_WARN_UNUSED_VARIABLE = YES;
				IPHONEOS_DEPLOYMENT_TARGET = 12.2;
				MTL_ENABLE_DEBUG_INFO = INCLUDE_SOURCE;
				MTL_FAST_MATH = YES;
				ONLY_ACTIVE_ARCH = YES;
				SDKROOT = iphoneos;
				SWIFT_ACTIVE_COMPILATION_CONDITIONS = DEBUG;
				SWIFT_OPTIMIZATION_LEVEL = "-Onone";
			};
			name = Debug;
		};
		0440E31C22DCCDAE00839169 /* Release */ = {
			isa = XCBuildConfiguration;
			buildSettings = {
				ALWAYS_SEARCH_USER_PATHS = NO;
				CLANG_ANALYZER_NONNULL = YES;
				CLANG_ANALYZER_NUMBER_OBJECT_CONVERSION = YES_AGGRESSIVE;
				CLANG_CXX_LANGUAGE_STANDARD = "gnu++14";
				CLANG_CXX_LIBRARY = "libc++";
				CLANG_ENABLE_MODULES = YES;
				CLANG_ENABLE_OBJC_ARC = YES;
				CLANG_ENABLE_OBJC_WEAK = YES;
				CLANG_WARN_BLOCK_CAPTURE_AUTORELEASING = YES;
				CLANG_WARN_BOOL_CONVERSION = YES;
				CLANG_WARN_COMMA = YES;
				CLANG_WARN_CONSTANT_CONVERSION = YES;
				CLANG_WARN_DEPRECATED_OBJC_IMPLEMENTATIONS = YES;
				CLANG_WARN_DIRECT_OBJC_ISA_USAGE = YES_ERROR;
				CLANG_WARN_DOCUMENTATION_COMMENTS = YES;
				CLANG_WARN_EMPTY_BODY = YES;
				CLANG_WARN_ENUM_CONVERSION = YES;
				CLANG_WARN_INFINITE_RECURSION = YES;
				CLANG_WARN_INT_CONVERSION = YES;
				CLANG_WARN_NON_LITERAL_NULL_CONVERSION = YES;
				CLANG_WARN_OBJC_IMPLICIT_RETAIN_SELF = YES;
				CLANG_WARN_OBJC_LITERAL_CONVERSION = YES;
				CLANG_WARN_OBJC_ROOT_CLASS = YES_ERROR;
				CLANG_WARN_RANGE_LOOP_ANALYSIS = YES;
				CLANG_WARN_STRICT_PROTOTYPES = YES;
				CLANG_WARN_SUSPICIOUS_MOVE = YES;
				CLANG_WARN_UNGUARDED_AVAILABILITY = YES_AGGRESSIVE;
				CLANG_WARN_UNREACHABLE_CODE = YES;
				CLANG_WARN__DUPLICATE_METHOD_MATCH = YES;
				CODE_SIGN_IDENTITY = "iPhone Developer";
				COPY_PHASE_STRIP = NO;
				DEBUG_INFORMATION_FORMAT = "dwarf-with-dsym";
				ENABLE_NS_ASSERTIONS = NO;
				ENABLE_STRICT_OBJC_MSGSEND = YES;
				GCC_C_LANGUAGE_STANDARD = gnu11;
				GCC_NO_COMMON_BLOCKS = YES;
				GCC_WARN_64_TO_32_BIT_CONVERSION = YES;
				GCC_WARN_ABOUT_RETURN_TYPE = YES_ERROR;
				GCC_WARN_UNDECLARED_SELECTOR = YES;
				GCC_WARN_UNINITIALIZED_AUTOS = YES_AGGRESSIVE;
				GCC_WARN_UNUSED_FUNCTION = YES;
				GCC_WARN_UNUSED_VARIABLE = YES;
				IPHONEOS_DEPLOYMENT_TARGET = 12.2;
				MTL_ENABLE_DEBUG_INFO = NO;
				MTL_FAST_MATH = YES;
				SDKROOT = iphoneos;
				SWIFT_COMPILATION_MODE = wholemodule;
				SWIFT_OPTIMIZATION_LEVEL = "-O";
				VALIDATE_PRODUCT = YES;
			};
			name = Release;
		};
		0440E31E22DCCDAE00839169 /* Debug */ = {
			isa = XCBuildConfiguration;
			buildSettings = {
				ASSETCATALOG_COMPILER_APPICON_NAME = AppIcon;
				CODE_SIGN_STYLE = Automatic;
				INFOPLIST_FILE = "Udacity-virtual-tourist/Info.plist";
				LD_RUNPATH_SEARCH_PATHS = (
					"$(inherited)",
					"@executable_path/Frameworks",
				);
				PRODUCT_BUNDLE_IDENTIFIER = "gajowy.Udacity-virtual-tourist";
				PRODUCT_NAME = "$(TARGET_NAME)";
				SWIFT_VERSION = 5.0;
				TARGETED_DEVICE_FAMILY = "1,2";
			};
			name = Debug;
		};
		0440E31F22DCCDAE00839169 /* Release */ = {
			isa = XCBuildConfiguration;
			buildSettings = {
				ASSETCATALOG_COMPILER_APPICON_NAME = AppIcon;
				CODE_SIGN_STYLE = Automatic;
				INFOPLIST_FILE = "Udacity-virtual-tourist/Info.plist";
				LD_RUNPATH_SEARCH_PATHS = (
					"$(inherited)",
					"@executable_path/Frameworks",
				);
				PRODUCT_BUNDLE_IDENTIFIER = "gajowy.Udacity-virtual-tourist";
				PRODUCT_NAME = "$(TARGET_NAME)";
				SWIFT_VERSION = 5.0;
				TARGETED_DEVICE_FAMILY = "1,2";
			};
			name = Release;
		};
/* End XCBuildConfiguration section */

/* Begin XCConfigurationList section */
		0440E30622DCCDAD00839169 /* Build configuration list for PBXProject "Udacity-virtual-tourist" */ = {
			isa = XCConfigurationList;
			buildConfigurations = (
				0440E31B22DCCDAE00839169 /* Debug */,
				0440E31C22DCCDAE00839169 /* Release */,
			);
			defaultConfigurationIsVisible = 0;
			defaultConfigurationName = Release;
		};
		0440E31D22DCCDAE00839169 /* Build configuration list for PBXNativeTarget "Udacity-virtual-tourist" */ = {
			isa = XCConfigurationList;
			buildConfigurations = (
				0440E31E22DCCDAE00839169 /* Debug */,
				0440E31F22DCCDAE00839169 /* Release */,
			);
			defaultConfigurationIsVisible = 0;
			defaultConfigurationName = Release;
		};
/* End XCConfigurationList section */

/* Begin XCVersionGroup section */
		04C56FA222E1A39000F889AA /* Virtual-Tourist.xcdatamodeld */ = {
			isa = XCVersionGroup;
			children = (
				04C56FA322E1A39000F889AA /* Virtual-Tourist.xcdatamodel */,
			);
			currentVersion = 04C56FA322E1A39000F889AA /* Virtual-Tourist.xcdatamodel */;
			path = "Virtual-Tourist.xcdatamodeld";
			sourceTree = "<group>";
			versionGroupType = wrapper.xcdatamodel;
		};
/* End XCVersionGroup section */
	};
	rootObject = 0440E30322DCCDAD00839169 /* Project object */;
}
